
Microsoft Visual Studio Solution File, Format Version 12.00
# Visual Studio Version 17
VisualStudioVersion = 17.6.33723.286
MinimumVisualStudioVersion = 10.0.40219.1
Project("{9A19103F-16F7-4668-BE54-9A1E7A4F7556}") = "DotNetSandbox_BlazorServer", "DotNetSandbox_BlazorServer.csproj", "{F9F579BE-4326-4EB5-8437-515E1A111F99}"
EndProject
Global
	GlobalSection(SolutionConfigurationPlatforms) = preSolution
		Debug|Any CPU = Debug|Any CPU
		Release|Any CPU = Release|Any CPU
	EndGlobalSection
	GlobalSection(ProjectConfigurationPlatforms) = postSolution
		{F9F579BE-4326-4EB5-8437-515E1A111F99}.Debug|Any CPU.ActiveCfg = Debug|Any CPU
		{F9F579BE-4326-4EB5-8437-515E1A111F99}.Debug|Any CPU.Build.0 = Debug|Any CPU
		{F9F579BE-4326-4EB5-8437-515E1A111F99}.Release|Any CPU.ActiveCfg = Release|Any CPU
		{F9F579BE-4326-4EB5-8437-515E1A111F99}.Release|Any CPU.Build.0 = Release|Any CPU
	EndGlobalSection
	GlobalSection(SolutionProperties) = preSolution
		HideSolutionNode = FALSE
	EndGlobalSection
	GlobalSection(ExtensibilityGlobals) = postSolution
		SolutionGuid = {8A5FF4F3-49C9-4B0C-B0B8-386607844CA6}
	EndGlobalSection
EndGlobal
